
Microsoft Visual Studio Solution File, Format Version 12.00
# Visual Studio Version 17
VisualStudioVersion = 17.12.35514.174
MinimumVisualStudioVersion = 10.0.40219.1
Project("{FAE04EC0-301F-11D3-BF4B-00C04F79EFBC}") = "DemoAPITesting", "DemoAPITesting.csproj", "{E63F1A8C-B48E-479B-9FA3-CCF49EA86895}"
EndProject
Project("{FAE04EC0-301F-11D3-BF4B-00C04F79EFBC}") = "DemoNunitTest", "..\DemoNunitTest\DemoNunitTest.csproj", "{12EA2B58-C4D1-45A4-B00D-B28DA96DB62B}"
EndProject
Global
	GlobalSection(SolutionConfigurationPlatforms) = preSolution
		Debug|Any CPU = Debug|Any CPU
		Release|Any CPU = Release|Any CPU
	EndGlobalSection
	GlobalSection(ProjectConfigurationPlatforms) = postSolution
		{E63F1A8C-B48E-479B-9FA3-CCF49EA86895}.Debug|Any CPU.ActiveCfg = Debug|Any CPU
		{E63F1A8C-B48E-479B-9FA3-CCF49EA86895}.Debug|Any CPU.Build.0 = Debug|Any CPU
		{E63F1A8C-B48E-479B-9FA3-CCF49EA86895}.Release|Any CPU.ActiveCfg = Release|Any CPU
		{E63F1A8C-B48E-479B-9FA3-CCF49EA86895}.Release|Any CPU.Build.0 = Release|Any CPU
		{12EA2B58-C4D1-45A4-B00D-B28DA96DB62B}.Debug|Any CPU.ActiveCfg = Debug|Any CPU
		{12EA2B58-C4D1-45A4-B00D-B28DA96DB62B}.Debug|Any CPU.Build.0 = Debug|Any CPU
		{12EA2B58-C4D1-45A4-B00D-B28DA96DB62B}.Release|Any CPU.ActiveCfg = Release|Any CPU
		{12EA2B58-C4D1-45A4-B00D-B28DA96DB62B}.Release|Any CPU.Build.0 = Release|Any CPU
	EndGlobalSection
	GlobalSection(SolutionProperties) = preSolution
		HideSolutionNode = FALSE
	EndGlobalSection
EndGlobal
